
Microsoft Visual Studio Solution File, Format Version 12.00
# Visual Studio 14
VisualStudioVersion = 14.0.25420.1
MinimumVisualStudioVersion = 10.0.40219.1
Project("{FAE04EC0-301F-11D3-BF4B-00C04F79EFBC}") = "Reclaimer", "Reclaimer\Reclaimer.csproj", "{F05A3EB2-3336-47BC-8F5A-0DBB4E2EDABB}"
EndProject
Global
	GlobalSection(SolutionConfigurationPlatforms) = preSolution
		Debug|Any CPU = Debug|Any CPU
		Release|Any CPU = Release|Any CPU
	EndGlobalSection
	GlobalSection(ProjectConfigurationPlatforms) = postSolution
		{F05A3EB2-3336-47BC-8F5A-0DBB4E2EDABB}.Debug|Any CPU.ActiveCfg = Debug|Any CPU
		{F05A3EB2-3336-47BC-8F5A-0DBB4E2EDABB}.Debug|Any CPU.Build.0 = Debug|Any CPU
		{F05A3EB2-3336-47BC-8F5A-0DBB4E2EDABB}.Release|Any CPU.ActiveCfg = Release|Any CPU
		{F05A3EB2-3336-47BC-8F5A-0DBB4E2EDABB}.Release|Any CPU.Build.0 = Release|Any CPU
	EndGlobalSection
	GlobalSection(SolutionProperties) = preSolution
		HideSolutionNode = FALSE
	EndGlobalSection
EndGlobal
