
Microsoft Visual Studio Solution File, Format Version 12.00
# Visual Studio 14
VisualStudioVersion = 14.0.25420.1
MinimumVisualStudioVersion = 10.0.40219.1
Project("{FAE04EC0-301F-11D3-BF4B-00C04F79EFBC}") = "Reclaimer", "Reclaimer\Reclaimer.csproj", "{F05A3EB2-3336-47BC-8F5A-0DBB4E2EDABB}"
EndProject
Project("{FAE04EC0-301F-11D3-BF4B-00C04F79EFBC}") = "Adjutant", "..\Adjutant\Adjutant\Adjutant.csproj", "{A46DD713-D7F0-4D6A-BD0F-348D890E135A}"
EndProject
Project("{FAE04EC0-301F-11D3-BF4B-00C04F79EFBC}") = "System.Drawing.Dds", "..\System.Drawing.Dds\System.Drawing.Dds\System.Drawing.Dds.csproj", "{A31A58A8-2BC6-43AF-AD81-692B2E37F01A}"
EndProject
Project("{FAE04EC0-301F-11D3-BF4B-00C04F79EFBC}") = "ExamplePlugin", "ExamplePlugin\ExamplePlugin.csproj", "{E5249282-18DB-403F-825E-C3612441EC35}"
EndProject
Project("{FAE04EC0-301F-11D3-BF4B-00C04F79EFBC}") = "Studio", "..\Studio\Studio\Studio.csproj", "{5F4C3814-8097-4869-B5E2-4C21EF45CEB2}"
EndProject
Global
	GlobalSection(SolutionConfigurationPlatforms) = preSolution
		Debug|Any CPU = Debug|Any CPU
		Release|Any CPU = Release|Any CPU
	EndGlobalSection
	GlobalSection(ProjectConfigurationPlatforms) = postSolution
		{F05A3EB2-3336-47BC-8F5A-0DBB4E2EDABB}.Debug|Any CPU.ActiveCfg = Debug|Any CPU
		{F05A3EB2-3336-47BC-8F5A-0DBB4E2EDABB}.Debug|Any CPU.Build.0 = Debug|Any CPU
		{F05A3EB2-3336-47BC-8F5A-0DBB4E2EDABB}.Release|Any CPU.ActiveCfg = Release|Any CPU
		{F05A3EB2-3336-47BC-8F5A-0DBB4E2EDABB}.Release|Any CPU.Build.0 = Release|Any CPU
		{A46DD713-D7F0-4D6A-BD0F-348D890E135A}.Debug|Any CPU.ActiveCfg = Debug|Any CPU
		{A46DD713-D7F0-4D6A-BD0F-348D890E135A}.Debug|Any CPU.Build.0 = Debug|Any CPU
		{A46DD713-D7F0-4D6A-BD0F-348D890E135A}.Release|Any CPU.ActiveCfg = Release|Any CPU
		{A46DD713-D7F0-4D6A-BD0F-348D890E135A}.Release|Any CPU.Build.0 = Release|Any CPU
		{A31A58A8-2BC6-43AF-AD81-692B2E37F01A}.Debug|Any CPU.ActiveCfg = Debug|Any CPU
		{A31A58A8-2BC6-43AF-AD81-692B2E37F01A}.Debug|Any CPU.Build.0 = Debug|Any CPU
		{A31A58A8-2BC6-43AF-AD81-692B2E37F01A}.Release|Any CPU.ActiveCfg = Release|Any CPU
		{A31A58A8-2BC6-43AF-AD81-692B2E37F01A}.Release|Any CPU.Build.0 = Release|Any CPU
		{E5249282-18DB-403F-825E-C3612441EC35}.Debug|Any CPU.ActiveCfg = Debug|Any CPU
		{E5249282-18DB-403F-825E-C3612441EC35}.Debug|Any CPU.Build.0 = Debug|Any CPU
		{E5249282-18DB-403F-825E-C3612441EC35}.Release|Any CPU.ActiveCfg = Release|Any CPU
		{E5249282-18DB-403F-825E-C3612441EC35}.Release|Any CPU.Build.0 = Release|Any CPU
		{5F4C3814-8097-4869-B5E2-4C21EF45CEB2}.Debug|Any CPU.ActiveCfg = Debug|Any CPU
		{5F4C3814-8097-4869-B5E2-4C21EF45CEB2}.Debug|Any CPU.Build.0 = Debug|Any CPU
		{5F4C3814-8097-4869-B5E2-4C21EF45CEB2}.Release|Any CPU.ActiveCfg = Release|Any CPU
		{5F4C3814-8097-4869-B5E2-4C21EF45CEB2}.Release|Any CPU.Build.0 = Release|Any CPU
	EndGlobalSection
	GlobalSection(SolutionProperties) = preSolution
		HideSolutionNode = FALSE
	EndGlobalSection
EndGlobal
