
Microsoft Visual Studio Solution File, Format Version 12.00
# Visual Studio 14
VisualStudioVersion = 14.0.25420.1
MinimumVisualStudioVersion = 10.0.40219.1
Project("{FAE04EC0-301F-11D3-BF4B-00C04F79EFBC}") = "Reclaimer", "Reclaimer\Reclaimer.csproj", "{F05A3EB2-3336-47BC-8F5A-0DBB4E2EDABB}"
EndProject
Project("{FAE04EC0-301F-11D3-BF4B-00C04F79EFBC}") = "Reclaimer.Blam", "Reclaimer.Blam\Reclaimer.Blam.csproj", "{A46DD713-D7F0-4D6A-BD0F-348D890E135A}"
EndProject
Project("{FAE04EC0-301F-11D3-BF4B-00C04F79EFBC}") = "ExamplePlugin", "ExamplePlugin\ExamplePlugin.csproj", "{E5249282-18DB-403F-825E-C3612441EC35}"
EndProject
Project("{FAE04EC0-301F-11D3-BF4B-00C04F79EFBC}") = "Studio", "..\Studio\Studio\Studio.csproj", "{5F4C3814-8097-4869-B5E2-4C21EF45CEB2}"
EndProject
Project("{54435603-DBB4-11D2-8724-00A0C9A8B90C}") = "Reclaimer.Setup", "Reclaimer.Setup\Reclaimer.Setup.vdproj", "{00227FE4-8DDA-411F-BFD5-297B94C92C28}"
EndProject
Project("{FAE04EC0-301F-11D3-BF4B-00C04F79EFBC}") = "Reclaimer.Core", "Reclaimer.Core\Reclaimer.Core.csproj", "{06A312C3-C3EC-447D-B7B7-F50E47A886D5}"
EndProject
Project("{FAE04EC0-301F-11D3-BF4B-00C04F79EFBC}") = "Markeli.Half", "Markeli.Half\Markeli.Half.csproj", "{8DE687A2-FD57-42CD-9389-527330D5AF9F}"
EndProject
Project("{FAE04EC0-301F-11D3-BF4B-00C04F79EFBC}") = "Reclaimer.Blam.Tests", "Reclaimer.Blam.Tests\Reclaimer.Blam.Tests.csproj", "{241C66BA-7F51-4C38-8E5D-F25AF37BC866}"
EndProject
Project("{FAE04EC0-301F-11D3-BF4B-00C04F79EFBC}") = "Reclaimer.Core.Tests", "Reclaimer.Core.Tests\Reclaimer.Core.Tests.csproj", "{341F1E52-F911-499E-BE8D-3B9BA569D190}"
EndProject
Global
	GlobalSection(SolutionConfigurationPlatforms) = preSolution
		Debug|Any CPU = Debug|Any CPU
		Release|Any CPU = Release|Any CPU
	EndGlobalSection
	GlobalSection(ProjectConfigurationPlatforms) = postSolution
		{F05A3EB2-3336-47BC-8F5A-0DBB4E2EDABB}.Debug|Any CPU.ActiveCfg = Debug|Any CPU
		{F05A3EB2-3336-47BC-8F5A-0DBB4E2EDABB}.Debug|Any CPU.Build.0 = Debug|Any CPU
		{F05A3EB2-3336-47BC-8F5A-0DBB4E2EDABB}.Release|Any CPU.ActiveCfg = Release|Any CPU
		{F05A3EB2-3336-47BC-8F5A-0DBB4E2EDABB}.Release|Any CPU.Build.0 = Release|Any CPU
		{A46DD713-D7F0-4D6A-BD0F-348D890E135A}.Debug|Any CPU.ActiveCfg = Debug|Any CPU
		{A46DD713-D7F0-4D6A-BD0F-348D890E135A}.Debug|Any CPU.Build.0 = Debug|Any CPU
		{A46DD713-D7F0-4D6A-BD0F-348D890E135A}.Release|Any CPU.ActiveCfg = Release|Any CPU
		{A46DD713-D7F0-4D6A-BD0F-348D890E135A}.Release|Any CPU.Build.0 = Release|Any CPU
		{E5249282-18DB-403F-825E-C3612441EC35}.Debug|Any CPU.ActiveCfg = Debug|Any CPU
		{E5249282-18DB-403F-825E-C3612441EC35}.Debug|Any CPU.Build.0 = Debug|Any CPU
		{E5249282-18DB-403F-825E-C3612441EC35}.Release|Any CPU.ActiveCfg = Release|Any CPU
		{E5249282-18DB-403F-825E-C3612441EC35}.Release|Any CPU.Build.0 = Release|Any CPU
		{5F4C3814-8097-4869-B5E2-4C21EF45CEB2}.Debug|Any CPU.ActiveCfg = Debug|Any CPU
		{5F4C3814-8097-4869-B5E2-4C21EF45CEB2}.Debug|Any CPU.Build.0 = Debug|Any CPU
		{5F4C3814-8097-4869-B5E2-4C21EF45CEB2}.Release|Any CPU.ActiveCfg = Release|Any CPU
		{5F4C3814-8097-4869-B5E2-4C21EF45CEB2}.Release|Any CPU.Build.0 = Release|Any CPU
		{00227FE4-8DDA-411F-BFD5-297B94C92C28}.Debug|Any CPU.ActiveCfg = Debug
		{00227FE4-8DDA-411F-BFD5-297B94C92C28}.Release|Any CPU.ActiveCfg = Release
		{06A312C3-C3EC-447D-B7B7-F50E47A886D5}.Debug|Any CPU.ActiveCfg = Debug|Any CPU
		{06A312C3-C3EC-447D-B7B7-F50E47A886D5}.Debug|Any CPU.Build.0 = Debug|Any CPU
		{06A312C3-C3EC-447D-B7B7-F50E47A886D5}.Release|Any CPU.ActiveCfg = Release|Any CPU
		{06A312C3-C3EC-447D-B7B7-F50E47A886D5}.Release|Any CPU.Build.0 = Release|Any CPU
		{8DE687A2-FD57-42CD-9389-527330D5AF9F}.Debug|Any CPU.ActiveCfg = Debug|Any CPU
		{8DE687A2-FD57-42CD-9389-527330D5AF9F}.Debug|Any CPU.Build.0 = Debug|Any CPU
		{8DE687A2-FD57-42CD-9389-527330D5AF9F}.Release|Any CPU.ActiveCfg = Release|Any CPU
		{8DE687A2-FD57-42CD-9389-527330D5AF9F}.Release|Any CPU.Build.0 = Release|Any CPU
		{241C66BA-7F51-4C38-8E5D-F25AF37BC866}.Debug|Any CPU.ActiveCfg = Debug|Any CPU
		{241C66BA-7F51-4C38-8E5D-F25AF37BC866}.Debug|Any CPU.Build.0 = Debug|Any CPU
		{241C66BA-7F51-4C38-8E5D-F25AF37BC866}.Release|Any CPU.ActiveCfg = Release|Any CPU
		{241C66BA-7F51-4C38-8E5D-F25AF37BC866}.Release|Any CPU.Build.0 = Release|Any CPU
		{341F1E52-F911-499E-BE8D-3B9BA569D190}.Debug|Any CPU.ActiveCfg = Debug|Any CPU
		{341F1E52-F911-499E-BE8D-3B9BA569D190}.Debug|Any CPU.Build.0 = Debug|Any CPU
		{341F1E52-F911-499E-BE8D-3B9BA569D190}.Release|Any CPU.ActiveCfg = Release|Any CPU
		{341F1E52-F911-499E-BE8D-3B9BA569D190}.Release|Any CPU.Build.0 = Release|Any CPU
	EndGlobalSection
	GlobalSection(SolutionProperties) = preSolution
		HideSolutionNode = FALSE
	EndGlobalSection
EndGlobal
