
Microsoft Visual Studio Solution File, Format Version 12.00
# Visual Studio 14
VisualStudioVersion = 14.0.25420.1
MinimumVisualStudioVersion = 10.0.40219.1
Project("{FAE04EC0-301F-11D3-BF4B-00C04F79EFBC}") = "System.IO.Endian", "System.IO.Endian\System.IO.Endian.csproj", "{06A312C3-C3EC-447D-B7B7-F50E47A886D5}"
EndProject
Project("{FAE04EC0-301F-11D3-BF4B-00C04F79EFBC}") = "System.IO.Endian.Tests", "System.IO.Endian.Tests\System.IO.Endian.Tests.csproj", "{341F1E52-F911-499E-BE8D-3B9BA569D190}"
EndProject
Global
	GlobalSection(SolutionConfigurationPlatforms) = preSolution
		Debug|Any CPU = Debug|Any CPU
		Release|Any CPU = Release|Any CPU
	EndGlobalSection
	GlobalSection(ProjectConfigurationPlatforms) = postSolution
		{06A312C3-C3EC-447D-B7B7-F50E47A886D5}.Debug|Any CPU.ActiveCfg = Debug|Any CPU
		{06A312C3-C3EC-447D-B7B7-F50E47A886D5}.Debug|Any CPU.Build.0 = Debug|Any CPU
		{06A312C3-C3EC-447D-B7B7-F50E47A886D5}.Release|Any CPU.ActiveCfg = Release|Any CPU
		{06A312C3-C3EC-447D-B7B7-F50E47A886D5}.Release|Any CPU.Build.0 = Release|Any CPU
		{341F1E52-F911-499E-BE8D-3B9BA569D190}.Debug|Any CPU.ActiveCfg = Debug|Any CPU
		{341F1E52-F911-499E-BE8D-3B9BA569D190}.Debug|Any CPU.Build.0 = Debug|Any CPU
		{341F1E52-F911-499E-BE8D-3B9BA569D190}.Release|Any CPU.ActiveCfg = Release|Any CPU
		{341F1E52-F911-499E-BE8D-3B9BA569D190}.Release|Any CPU.Build.0 = Release|Any CPU
	EndGlobalSection
	GlobalSection(SolutionProperties) = preSolution
		HideSolutionNode = FALSE
	EndGlobalSection
EndGlobal
